
Microsoft Visual Studio Solution File, Format Version 12.00
# Visual Studio Version 17
VisualStudioVersion = 17.1.32407.343
MinimumVisualStudioVersion = 10.0.40219.1
Project("{8BC9CEB8-8B4A-11D0-8D11-00A0C91BC942}") = "Vermillion", "Vermillion\Vermillion.vcxproj", "{1B33BE85-1A32-47DE-89C0-56588257F8E1}"
	ProjectSection(ProjectDependencies) = postProject
		{73F690A0-099F-43F7-BDD5-819869DDAE07} = {73F690A0-099F-43F7-BDD5-819869DDAE07}
	EndProjectSection
EndProject
Project("{8BC9CEB8-8B4A-11D0-8D11-00A0C91BC942}") = "Shaders", "Shaders\Shaders.vcxproj", "{73F690A0-099F-43F7-BDD5-819869DDAE07}"
EndProject
Project("{8BC9CEB8-8B4A-11D0-8D11-00A0C91BC942}") = "ImGui", "ImGui\ImGui.vcxproj", "{C31438C7-CAAC-4E09-AB30-87181AFF8EFD}"
EndProject
Global
	GlobalSection(SolutionConfigurationPlatforms) = preSolution
		Debug|x64 = Debug|x64
		Debug|x86 = Debug|x86
		Release|x64 = Release|x64
		Release|x86 = Release|x86
	EndGlobalSection
	GlobalSection(ProjectConfigurationPlatforms) = postSolution
		{1B33BE85-1A32-47DE-89C0-56588257F8E1}.Debug|x64.ActiveCfg = Debug|x64
		{1B33BE85-1A32-47DE-89C0-56588257F8E1}.Debug|x64.Build.0 = Debug|x64
		{1B33BE85-1A32-47DE-89C0-56588257F8E1}.Debug|x86.ActiveCfg = Debug|x64
		{1B33BE85-1A32-47DE-89C0-56588257F8E1}.Debug|x86.Build.0 = Debug|x64
		{1B33BE85-1A32-47DE-89C0-56588257F8E1}.Release|x64.ActiveCfg = Release|x64
		{1B33BE85-1A32-47DE-89C0-56588257F8E1}.Release|x64.Build.0 = Release|x64
		{1B33BE85-1A32-47DE-89C0-56588257F8E1}.Release|x86.ActiveCfg = Release|x64
		{1B33BE85-1A32-47DE-89C0-56588257F8E1}.Release|x86.Build.0 = Release|x64
		{73F690A0-099F-43F7-BDD5-819869DDAE07}.Debug|x64.ActiveCfg = Debug|x64
		{73F690A0-099F-43F7-BDD5-819869DDAE07}.Debug|x64.Build.0 = Debug|x64
		{73F690A0-099F-43F7-BDD5-819869DDAE07}.Debug|x86.ActiveCfg = Debug|x64
		{73F690A0-099F-43F7-BDD5-819869DDAE07}.Debug|x86.Build.0 = Debug|x64
		{73F690A0-099F-43F7-BDD5-819869DDAE07}.Release|x64.ActiveCfg = Release|x64
		{73F690A0-099F-43F7-BDD5-819869DDAE07}.Release|x64.Build.0 = Release|x64
		{73F690A0-099F-43F7-BDD5-819869DDAE07}.Release|x86.ActiveCfg = Release|x64
		{73F690A0-099F-43F7-BDD5-819869DDAE07}.Release|x86.Build.0 = Release|x64
		{C31438C7-CAAC-4E09-AB30-87181AFF8EFD}.Debug|x64.ActiveCfg = Debug|x64
		{C31438C7-CAAC-4E09-AB30-87181AFF8EFD}.Debug|x64.Build.0 = Debug|x64
		{C31438C7-CAAC-4E09-AB30-87181AFF8EFD}.Debug|x86.ActiveCfg = Debug|Win32
		{C31438C7-CAAC-4E09-AB30-87181AFF8EFD}.Debug|x86.Build.0 = Debug|Win32
		{C31438C7-CAAC-4E09-AB30-87181AFF8EFD}.Release|x64.ActiveCfg = Release|x64
		{C31438C7-CAAC-4E09-AB30-87181AFF8EFD}.Release|x64.Build.0 = Release|x64
		{C31438C7-CAAC-4E09-AB30-87181AFF8EFD}.Release|x86.ActiveCfg = Release|Win32
		{C31438C7-CAAC-4E09-AB30-87181AFF8EFD}.Release|x86.Build.0 = Release|Win32
	EndGlobalSection
	GlobalSection(SolutionProperties) = preSolution
		HideSolutionNode = FALSE
	EndGlobalSection
	GlobalSection(ExtensibilityGlobals) = postSolution
		SolutionGuid = {3B1AF14D-D0F0-49B8-AC50-2DBAD2003D90}
	EndGlobalSection
EndGlobal
